
Microsoft Visual Studio Solution File, Format Version 11.00
# Visual Studio 2010
Project("{FAE04EC0-301F-11D3-BF4B-00C04F79EFBC}") = "0929", "Assembly-CSharp.csproj", "{F152FAE8-40D3-32F1-3F3E-C4D159100EA1}"
EndProject
Global
	GlobalSection(SolutionConfigurationPlatforms) = preSolution
		Debug|Any CPU = Debug|Any CPU
		Release|Any CPU = Release|Any CPU
	EndGlobalSection
	GlobalSection(ProjectConfigurationPlatforms) = postSolution
		{F152FAE8-40D3-32F1-3F3E-C4D159100EA1}.Debug|Any CPU.ActiveCfg = Debug|Any CPU
		{F152FAE8-40D3-32F1-3F3E-C4D159100EA1}.Debug|Any CPU.Build.0 = Debug|Any CPU
		{F152FAE8-40D3-32F1-3F3E-C4D159100EA1}.Release|Any CPU.ActiveCfg = Release|Any CPU
		{F152FAE8-40D3-32F1-3F3E-C4D159100EA1}.Release|Any CPU.Build.0 = Release|Any CPU
	EndGlobalSection
	GlobalSection(SolutionProperties) = preSolution
		HideSolutionNode = FALSE
	EndGlobalSection
	GlobalSection(MonoDevelopProperties) = preSolution
		StartupItem = Assembly-CSharp.csproj
	EndGlobalSection
EndGlobal
